
Microsoft Visual Studio Solution File, Format Version 12.00
# Visual Studio Version 17
VisualStudioVersion = 17.11.35219.272
MinimumVisualStudioVersion = 10.0.40219.1
Project("{9A19103F-16F7-4668-BE54-9A1E7A4F7556}") = "SportBarFormula", "SportBarFormula\SportBarFormula.csproj", "{8476608C-4301-46AB-AAB9-D37B7D528274}"
EndProject
Project("{FAE04EC0-301F-11D3-BF4B-00C04F79EFBC}") = "SportBarFormula.Core", "SportBarFormula.Core\SportBarFormula.Core.csproj", "{562669F4-7ACD-440F-8DA4-91467D3B4608}"
EndProject
Project("{FAE04EC0-301F-11D3-BF4B-00C04F79EFBC}") = "SportBarFormula.Infrastructure", "SportBarFormula.Infastructure\SportBarFormula.Infrastructure.csproj", "{BAF643BE-5EAD-495A-99BA-A6E709EE3D01}"
EndProject
Global
	GlobalSection(SolutionConfigurationPlatforms) = preSolution
		Debug|Any CPU = Debug|Any CPU
		Release|Any CPU = Release|Any CPU
	EndGlobalSection
	GlobalSection(ProjectConfigurationPlatforms) = postSolution
		{8476608C-4301-46AB-AAB9-D37B7D528274}.Debug|Any CPU.ActiveCfg = Debug|Any CPU
		{8476608C-4301-46AB-AAB9-D37B7D528274}.Debug|Any CPU.Build.0 = Debug|Any CPU
		{8476608C-4301-46AB-AAB9-D37B7D528274}.Release|Any CPU.ActiveCfg = Release|Any CPU
		{8476608C-4301-46AB-AAB9-D37B7D528274}.Release|Any CPU.Build.0 = Release|Any CPU
		{562669F4-7ACD-440F-8DA4-91467D3B4608}.Debug|Any CPU.ActiveCfg = Debug|Any CPU
		{562669F4-7ACD-440F-8DA4-91467D3B4608}.Debug|Any CPU.Build.0 = Debug|Any CPU
		{562669F4-7ACD-440F-8DA4-91467D3B4608}.Release|Any CPU.ActiveCfg = Release|Any CPU
		{562669F4-7ACD-440F-8DA4-91467D3B4608}.Release|Any CPU.Build.0 = Release|Any CPU
		{BAF643BE-5EAD-495A-99BA-A6E709EE3D01}.Debug|Any CPU.ActiveCfg = Debug|Any CPU
		{BAF643BE-5EAD-495A-99BA-A6E709EE3D01}.Debug|Any CPU.Build.0 = Debug|Any CPU
		{BAF643BE-5EAD-495A-99BA-A6E709EE3D01}.Release|Any CPU.ActiveCfg = Release|Any CPU
		{BAF643BE-5EAD-495A-99BA-A6E709EE3D01}.Release|Any CPU.Build.0 = Release|Any CPU
	EndGlobalSection
	GlobalSection(SolutionProperties) = preSolution
		HideSolutionNode = FALSE
	EndGlobalSection
	GlobalSection(ExtensibilityGlobals) = postSolution
		SolutionGuid = {10944880-F84C-4F3F-9F96-6E345B42B441}
	EndGlobalSection
EndGlobal
